
Microsoft Visual Studio Solution File, Format Version 12.00
# Visual Studio Version 16
VisualStudioVersion = 16.0.33214.272
MinimumVisualStudioVersion = 10.0.40219.1
Project("{FAE04EC0-301F-11D3-BF4B-00C04F79EFBC}") = "Mission06_g02efy22", "Mission06_g02efy22.csproj", "{6325876A-8665-44BC-AA31-6E5477D76FF6}"
EndProject
Global
	GlobalSection(SolutionConfigurationPlatforms) = preSolution
		Debug|Any CPU = Debug|Any CPU
		Release|Any CPU = Release|Any CPU
	EndGlobalSection
	GlobalSection(ProjectConfigurationPlatforms) = postSolution
		{6325876A-8665-44BC-AA31-6E5477D76FF6}.Debug|Any CPU.ActiveCfg = Debug|Any CPU
		{6325876A-8665-44BC-AA31-6E5477D76FF6}.Debug|Any CPU.Build.0 = Debug|Any CPU
		{6325876A-8665-44BC-AA31-6E5477D76FF6}.Release|Any CPU.ActiveCfg = Release|Any CPU
		{6325876A-8665-44BC-AA31-6E5477D76FF6}.Release|Any CPU.Build.0 = Release|Any CPU
	EndGlobalSection
	GlobalSection(SolutionProperties) = preSolution
		HideSolutionNode = FALSE
	EndGlobalSection
	GlobalSection(ExtensibilityGlobals) = postSolution
		SolutionGuid = {830495A1-BADB-4B08-A272-EF42881785D7}
	EndGlobalSection
EndGlobal
